// !$*UTF8*$!
{
	archiveVersion = 1;
	classes = {
	};
	objectVersion = 55;
	objects = {

/* Begin PBXBuildFile section */
		088DDE6C28CDFE0C0079DD34 /* TabBarViewController.swift in Sources */ = {isa = PBXBuildFile; fileRef = 088DDE6B28CDFE0C0079DD34 /* TabBarViewController.swift */; };
		088DDE6E28CDFE3E0079DD34 /* SearchViewController.swift in Sources */ = {isa = PBXBuildFile; fileRef = 088DDE6D28CDFE3E0079DD34 /* SearchViewController.swift */; };
		088DDE7028CDFE590079DD34 /* LibraryViewController.swift in Sources */ = {isa = PBXBuildFile; fileRef = 088DDE6F28CDFE590079DD34 /* LibraryViewController.swift */; };
		088DDE7428CDFEA70079DD34 /* AuthViewController.swift in Sources */ = {isa = PBXBuildFile; fileRef = 088DDE7328CDFEA70079DD34 /* AuthViewController.swift */; };
		088DDE7628CDFECC0079DD34 /* WelcomeViewController.swift in Sources */ = {isa = PBXBuildFile; fileRef = 088DDE7528CDFECC0079DD34 /* WelcomeViewController.swift */; };
		088DDE7928CDFEFB0079DD34 /* SettingsViewController.swift in Sources */ = {isa = PBXBuildFile; fileRef = 088DDE7828CDFEFB0079DD34 /* SettingsViewController.swift */; };
		088DDE7B28CDFF100079DD34 /* ProfileViewController.swift in Sources */ = {isa = PBXBuildFile; fileRef = 088DDE7A28CDFF100079DD34 /* ProfileViewController.swift */; };
		088DDE7D28CDFF1B0079DD34 /* PlayerViewController.swift in Sources */ = {isa = PBXBuildFile; fileRef = 088DDE7C28CDFF1B0079DD34 /* PlayerViewController.swift */; };
		088DDE7F28CDFF290079DD34 /* PlaylistViewController.swift in Sources */ = {isa = PBXBuildFile; fileRef = 088DDE7E28CDFF290079DD34 /* PlaylistViewController.swift */; };
		088DDE8128CDFF490079DD34 /* SearchResultsViewController.swift in Sources */ = {isa = PBXBuildFile; fileRef = 088DDE8028CDFF490079DD34 /* SearchResultsViewController.swift */; };
		088DDE8328CDFF6C0079DD34 /* AuthManager.swift in Sources */ = {isa = PBXBuildFile; fileRef = 088DDE8228CDFF6C0079DD34 /* AuthManager.swift */; };
		088DDE8528CDFF7D0079DD34 /* ApiManager.swift in Sources */ = {isa = PBXBuildFile; fileRef = 088DDE8428CDFF7D0079DD34 /* ApiManager.swift */; };
		088DDE8728CDFFB90079DD34 /* HapticsManager.swift in Sources */ = {isa = PBXBuildFile; fileRef = 088DDE8628CDFFB90079DD34 /* HapticsManager.swift */; };
		088DDE8928CDFFD40079DD34 /* Playlist.swift in Sources */ = {isa = PBXBuildFile; fileRef = 088DDE8828CDFFD40079DD34 /* Playlist.swift */; };
		088DDE8B28CDFFDF0079DD34 /* AudioTrack.swift in Sources */ = {isa = PBXBuildFile; fileRef = 088DDE8A28CDFFDF0079DD34 /* AudioTrack.swift */; };
		088DDE8D28CDFFEB0079DD34 /* Artist.swift in Sources */ = {isa = PBXBuildFile; fileRef = 088DDE8C28CDFFEB0079DD34 /* Artist.swift */; };
		088DDE8F28CDFFF40079DD34 /* UserProfile.swift in Sources */ = {isa = PBXBuildFile; fileRef = 088DDE8E28CDFFF40079DD34 /* UserProfile.swift */; };
		08CDFC9C28CDFB5000E2C237 /* AppDelegate.swift in Sources */ = {isa = PBXBuildFile; fileRef = 08CDFC9B28CDFB5000E2C237 /* AppDelegate.swift */; };
		08CDFC9E28CDFB5000E2C237 /* SceneDelegate.swift in Sources */ = {isa = PBXBuildFile; fileRef = 08CDFC9D28CDFB5000E2C237 /* SceneDelegate.swift */; };
		08CDFCA028CDFB5000E2C237 /* HomeViewController.swift in Sources */ = {isa = PBXBuildFile; fileRef = 08CDFC9F28CDFB5000E2C237 /* HomeViewController.swift */; };
		08CDFCA528CDFB5100E2C237 /* Assets.xcassets in Resources */ = {isa = PBXBuildFile; fileRef = 08CDFCA428CDFB5100E2C237 /* Assets.xcassets */; };
		08CDFCA828CDFB5100E2C237 /* LaunchScreen.storyboard in Resources */ = {isa = PBXBuildFile; fileRef = 08CDFCA628CDFB5100E2C237 /* LaunchScreen.storyboard */; };
		08CDFCB328CDFB5100E2C237 /* SpotifyCloneTests.swift in Sources */ = {isa = PBXBuildFile; fileRef = 08CDFCB228CDFB5100E2C237 /* SpotifyCloneTests.swift */; };
		08CDFCBD28CDFB5100E2C237 /* SpotifyCloneUITests.swift in Sources */ = {isa = PBXBuildFile; fileRef = 08CDFCBC28CDFB5100E2C237 /* SpotifyCloneUITests.swift */; };
		08CDFCBF28CDFB5100E2C237 /* SpotifyCloneUITestsLaunchTests.swift in Sources */ = {isa = PBXBuildFile; fileRef = 08CDFCBE28CDFB5100E2C237 /* SpotifyCloneUITestsLaunchTests.swift */; };
		08FBD8C728CE0FF7009C6E4F /* UIView+.swift in Sources */ = {isa = PBXBuildFile; fileRef = 08FBD8C628CE0FF7009C6E4F /* UIView+.swift */; };
/* End PBXBuildFile section */

/* Begin PBXContainerItemProxy section */
		08CDFCAF28CDFB5100E2C237 /* PBXContainerItemProxy */ = {
			isa = PBXContainerItemProxy;
			containerPortal = 08CDFC9028CDFB5000E2C237 /* Project object */;
			proxyType = 1;
			remoteGlobalIDString = 08CDFC9728CDFB5000E2C237;
			remoteInfo = SpotifyClone;
		};
		08CDFCB928CDFB5100E2C237 /* PBXContainerItemProxy */ = {
			isa = PBXContainerItemProxy;
			containerPortal = 08CDFC9028CDFB5000E2C237 /* Project object */;
			proxyType = 1;
			remoteGlobalIDString = 08CDFC9728CDFB5000E2C237;
			remoteInfo = SpotifyClone;
		};
/* End PBXContainerItemProxy section */

/* Begin PBXFileReference section */
		088DDE6B28CDFE0C0079DD34 /* TabBarViewController.swift */ = {isa = PBXFileReference; lastKnownFileType = sourcecode.swift; path = TabBarViewController.swift; sourceTree = "<group>"; };
		088DDE6D28CDFE3E0079DD34 /* SearchViewController.swift */ = {isa = PBXFileReference; lastKnownFileType = sourcecode.swift; path = SearchViewController.swift; sourceTree = "<group>"; };
		088DDE6F28CDFE590079DD34 /* LibraryViewController.swift */ = {isa = PBXFileReference; lastKnownFileType = sourcecode.swift; path = LibraryViewController.swift; sourceTree = "<group>"; };
		088DDE7328CDFEA70079DD34 /* AuthViewController.swift */ = {isa = PBXFileReference; lastKnownFileType = sourcecode.swift; path = AuthViewController.swift; sourceTree = "<group>"; };
		088DDE7528CDFECC0079DD34 /* WelcomeViewController.swift */ = {isa = PBXFileReference; lastKnownFileType = sourcecode.swift; path = WelcomeViewController.swift; sourceTree = "<group>"; };
		088DDE7828CDFEFB0079DD34 /* SettingsViewController.swift */ = {isa = PBXFileReference; lastKnownFileType = sourcecode.swift; path = SettingsViewController.swift; sourceTree = "<group>"; };
		088DDE7A28CDFF100079DD34 /* ProfileViewController.swift */ = {isa = PBXFileReference; lastKnownFileType = sourcecode.swift; path = ProfileViewController.swift; sourceTree = "<group>"; };
		088DDE7C28CDFF1B0079DD34 /* PlayerViewController.swift */ = {isa = PBXFileReference; lastKnownFileType = sourcecode.swift; path = PlayerViewController.swift; sourceTree = "<group>"; };
		088DDE7E28CDFF290079DD34 /* PlaylistViewController.swift */ = {isa = PBXFileReference; lastKnownFileType = sourcecode.swift; path = PlaylistViewController.swift; sourceTree = "<group>"; };
		088DDE8028CDFF490079DD34 /* SearchResultsViewController.swift */ = {isa = PBXFileReference; lastKnownFileType = sourcecode.swift; path = SearchResultsViewController.swift; sourceTree = "<group>"; };
		088DDE8228CDFF6C0079DD34 /* AuthManager.swift */ = {isa = PBXFileReference; lastKnownFileType = sourcecode.swift; path = AuthManager.swift; sourceTree = "<group>"; };
		088DDE8428CDFF7D0079DD34 /* ApiManager.swift */ = {isa = PBXFileReference; lastKnownFileType = sourcecode.swift; path = ApiManager.swift; sourceTree = "<group>"; };
		088DDE8628CDFFB90079DD34 /* HapticsManager.swift */ = {isa = PBXFileReference; lastKnownFileType = sourcecode.swift; path = HapticsManager.swift; sourceTree = "<group>"; };
		088DDE8828CDFFD40079DD34 /* Playlist.swift */ = {isa = PBXFileReference; lastKnownFileType = sourcecode.swift; path = Playlist.swift; sourceTree = "<group>"; };
		088DDE8A28CDFFDF0079DD34 /* AudioTrack.swift */ = {isa = PBXFileReference; lastKnownFileType = sourcecode.swift; path = AudioTrack.swift; sourceTree = "<group>"; };
		088DDE8C28CDFFEB0079DD34 /* Artist.swift */ = {isa = PBXFileReference; lastKnownFileType = sourcecode.swift; path = Artist.swift; sourceTree = "<group>"; };
		088DDE8E28CDFFF40079DD34 /* UserProfile.swift */ = {isa = PBXFileReference; lastKnownFileType = sourcecode.swift; path = UserProfile.swift; sourceTree = "<group>"; };
		08CDFC9828CDFB5000E2C237 /* SpotifyClone.app */ = {isa = PBXFileReference; explicitFileType = wrapper.application; includeInIndex = 0; path = SpotifyClone.app; sourceTree = BUILT_PRODUCTS_DIR; };
		08CDFC9B28CDFB5000E2C237 /* AppDelegate.swift */ = {isa = PBXFileReference; lastKnownFileType = sourcecode.swift; path = AppDelegate.swift; sourceTree = "<group>"; };
		08CDFC9D28CDFB5000E2C237 /* SceneDelegate.swift */ = {isa = PBXFileReference; lastKnownFileType = sourcecode.swift; path = SceneDelegate.swift; sourceTree = "<group>"; };
		08CDFC9F28CDFB5000E2C237 /* HomeViewController.swift */ = {isa = PBXFileReference; lastKnownFileType = sourcecode.swift; path = HomeViewController.swift; sourceTree = "<group>"; };
		08CDFCA428CDFB5100E2C237 /* Assets.xcassets */ = {isa = PBXFileReference; lastKnownFileType = folder.assetcatalog; path = Assets.xcassets; sourceTree = "<group>"; };
		08CDFCA728CDFB5100E2C237 /* Base */ = {isa = PBXFileReference; lastKnownFileType = file.storyboard; name = Base; path = Base.lproj/LaunchScreen.storyboard; sourceTree = "<group>"; };
		08CDFCA928CDFB5100E2C237 /* Info.plist */ = {isa = PBXFileReference; lastKnownFileType = text.plist.xml; path = Info.plist; sourceTree = "<group>"; };
		08CDFCAE28CDFB5100E2C237 /* SpotifyCloneTests.xctest */ = {isa = PBXFileReference; explicitFileType = wrapper.cfbundle; includeInIndex = 0; path = SpotifyCloneTests.xctest; sourceTree = BUILT_PRODUCTS_DIR; };
		08CDFCB228CDFB5100E2C237 /* SpotifyCloneTests.swift */ = {isa = PBXFileReference; lastKnownFileType = sourcecode.swift; path = SpotifyCloneTests.swift; sourceTree = "<group>"; };
		08CDFCB828CDFB5100E2C237 /* SpotifyCloneUITests.xctest */ = {isa = PBXFileReference; explicitFileType = wrapper.cfbundle; includeInIndex = 0; path = SpotifyCloneUITests.xctest; sourceTree = BUILT_PRODUCTS_DIR; };
		08CDFCBC28CDFB5100E2C237 /* SpotifyCloneUITests.swift */ = {isa = PBXFileReference; lastKnownFileType = sourcecode.swift; path = SpotifyCloneUITests.swift; sourceTree = "<group>"; };
		08CDFCBE28CDFB5100E2C237 /* SpotifyCloneUITestsLaunchTests.swift */ = {isa = PBXFileReference; lastKnownFileType = sourcecode.swift; path = SpotifyCloneUITestsLaunchTests.swift; sourceTree = "<group>"; };
		08FBD8C628CE0FF7009C6E4F /* UIView+.swift */ = {isa = PBXFileReference; lastKnownFileType = sourcecode.swift; path = "UIView+.swift"; sourceTree = "<group>"; };
/* End PBXFileReference section */

/* Begin PBXFrameworksBuildPhase section */
		08CDFC9528CDFB5000E2C237 /* Frameworks */ = {
			isa = PBXFrameworksBuildPhase;
			buildActionMask = 2147483647;
			files = (
			);
			runOnlyForDeploymentPostprocessing = 0;
		};
		08CDFCAB28CDFB5100E2C237 /* Frameworks */ = {
			isa = PBXFrameworksBuildPhase;
			buildActionMask = 2147483647;
			files = (
			);
			runOnlyForDeploymentPostprocessing = 0;
		};
		08CDFCB528CDFB5100E2C237 /* Frameworks */ = {
			isa = PBXFrameworksBuildPhase;
			buildActionMask = 2147483647;
			files = (
			);
			runOnlyForDeploymentPostprocessing = 0;
		};
/* End PBXFrameworksBuildPhase section */

/* Begin PBXGroup section */
		088DDE7128CDFE630079DD34 /* Main */ = {
			isa = PBXGroup;
			children = (
				088DDE6B28CDFE0C0079DD34 /* TabBarViewController.swift */,
				08CDFC9F28CDFB5000E2C237 /* HomeViewController.swift */,
				088DDE6D28CDFE3E0079DD34 /* SearchViewController.swift */,
				088DDE6F28CDFE590079DD34 /* LibraryViewController.swift */,
			);
			path = Main;
			sourceTree = "<group>";
		};
		088DDE7228CDFE790079DD34 /* SubPages */ = {
			isa = PBXGroup;
			children = (
				088DDE7328CDFEA70079DD34 /* AuthViewController.swift */,
				088DDE7528CDFECC0079DD34 /* WelcomeViewController.swift */,
				088DDE7828CDFEFB0079DD34 /* SettingsViewController.swift */,
				088DDE7A28CDFF100079DD34 /* ProfileViewController.swift */,
				088DDE7C28CDFF1B0079DD34 /* PlayerViewController.swift */,
				088DDE7E28CDFF290079DD34 /* PlaylistViewController.swift */,
				088DDE8028CDFF490079DD34 /* SearchResultsViewController.swift */,
			);
			path = SubPages;
			sourceTree = "<group>";
		};
		088DDE9028CE0FBC0079DD34 /* Extensions */ = {
			isa = PBXGroup;
			children = (
				08FBD8C628CE0FF7009C6E4F /* UIView+.swift */,
			);
			path = Extensions;
			sourceTree = "<group>";
		};
		08CDFC8F28CDFB5000E2C237 = {
			isa = PBXGroup;
			children = (
				08CDFC9A28CDFB5000E2C237 /* SpotifyClone */,
				08CDFCB128CDFB5100E2C237 /* SpotifyCloneTests */,
				08CDFCBB28CDFB5100E2C237 /* SpotifyCloneUITests */,
				08CDFC9928CDFB5000E2C237 /* Products */,
			);
			sourceTree = "<group>";
		};
		08CDFC9928CDFB5000E2C237 /* Products */ = {
			isa = PBXGroup;
			children = (
				08CDFC9828CDFB5000E2C237 /* SpotifyClone.app */,
				08CDFCAE28CDFB5100E2C237 /* SpotifyCloneTests.xctest */,
				08CDFCB828CDFB5100E2C237 /* SpotifyCloneUITests.xctest */,
			);
			name = Products;
			sourceTree = "<group>";
		};
		08CDFC9A28CDFB5000E2C237 /* SpotifyClone */ = {
			isa = PBXGroup;
			children = (
				08CDFCCF28CDFC6400E2C237 /* Resources */,
				08CDFCCE28CDFC5E00E2C237 /* Managers */,
				08CDFCCD28CDFB8200E2C237 /* Models */,
				08CDFCCC28CDFB7C00E2C237 /* View */,
				08CDFCCB28CDFB7500E2C237 /* Controllers */,
				08CDFCA928CDFB5100E2C237 /* Info.plist */,
			);
			path = SpotifyClone;
			sourceTree = "<group>";
		};
		08CDFCB128CDFB5100E2C237 /* SpotifyCloneTests */ = {
			isa = PBXGroup;
			children = (
				08CDFCB228CDFB5100E2C237 /* SpotifyCloneTests.swift */,
			);
			path = SpotifyCloneTests;
			sourceTree = "<group>";
		};
		08CDFCBB28CDFB5100E2C237 /* SpotifyCloneUITests */ = {
			isa = PBXGroup;
			children = (
				08CDFCBC28CDFB5100E2C237 /* SpotifyCloneUITests.swift */,
				08CDFCBE28CDFB5100E2C237 /* SpotifyCloneUITestsLaunchTests.swift */,
			);
			path = SpotifyCloneUITests;
			sourceTree = "<group>";
		};
		08CDFCCB28CDFB7500E2C237 /* Controllers */ = {
			isa = PBXGroup;
			children = (
				088DDE7228CDFE790079DD34 /* SubPages */,
				088DDE7128CDFE630079DD34 /* Main */,
			);
			path = Controllers;
			sourceTree = "<group>";
		};
		08CDFCCC28CDFB7C00E2C237 /* View */ = {
			isa = PBXGroup;
			children = (
				08CDFCA628CDFB5100E2C237 /* LaunchScreen.storyboard */,
			);
			path = View;
			sourceTree = "<group>";
		};
		08CDFCCD28CDFB8200E2C237 /* Models */ = {
			isa = PBXGroup;
			children = (
				088DDE8828CDFFD40079DD34 /* Playlist.swift */,
				088DDE8A28CDFFDF0079DD34 /* AudioTrack.swift */,
				088DDE8C28CDFFEB0079DD34 /* Artist.swift */,
				088DDE8E28CDFFF40079DD34 /* UserProfile.swift */,
			);
			path = Models;
			sourceTree = "<group>";
		};
		08CDFCCE28CDFC5E00E2C237 /* Managers */ = {
			isa = PBXGroup;
			children = (
				088DDE8228CDFF6C0079DD34 /* AuthManager.swift */,
				088DDE8428CDFF7D0079DD34 /* ApiManager.swift */,
				088DDE8628CDFFB90079DD34 /* HapticsManager.swift */,
			);
			path = Managers;
			sourceTree = "<group>";
		};
		08CDFCCF28CDFC6400E2C237 /* Resources */ = {
			isa = PBXGroup;
			children = (
				088DDE9028CE0FBC0079DD34 /* Extensions */,
				08CDFCA428CDFB5100E2C237 /* Assets.xcassets */,
				08CDFC9B28CDFB5000E2C237 /* AppDelegate.swift */,
				08CDFC9D28CDFB5000E2C237 /* SceneDelegate.swift */,
			);
			path = Resources;
			sourceTree = "<group>";
		};
/* End PBXGroup section */

/* Begin PBXNativeTarget section */
		08CDFC9728CDFB5000E2C237 /* SpotifyClone */ = {
			isa = PBXNativeTarget;
			buildConfigurationList = 08CDFCC228CDFB5100E2C237 /* Build configuration list for PBXNativeTarget "SpotifyClone" */;
			buildPhases = (
				08CDFC9428CDFB5000E2C237 /* Sources */,
				08CDFC9528CDFB5000E2C237 /* Frameworks */,
				08CDFC9628CDFB5000E2C237 /* Resources */,
			);
			buildRules = (
			);
			dependencies = (
			);
			name = SpotifyClone;
			productName = SpotifyClone;
			productReference = 08CDFC9828CDFB5000E2C237 /* SpotifyClone.app */;
			productType = "com.apple.product-type.application";
		};
		08CDFCAD28CDFB5100E2C237 /* SpotifyCloneTests */ = {
			isa = PBXNativeTarget;
			buildConfigurationList = 08CDFCC528CDFB5100E2C237 /* Build configuration list for PBXNativeTarget "SpotifyCloneTests" */;
			buildPhases = (
				08CDFCAA28CDFB5100E2C237 /* Sources */,
				08CDFCAB28CDFB5100E2C237 /* Frameworks */,
				08CDFCAC28CDFB5100E2C237 /* Resources */,
			);
			buildRules = (
			);
			dependencies = (
				08CDFCB028CDFB5100E2C237 /* PBXTargetDependency */,
			);
			name = SpotifyCloneTests;
			productName = SpotifyCloneTests;
			productReference = 08CDFCAE28CDFB5100E2C237 /* SpotifyCloneTests.xctest */;
			productType = "com.apple.product-type.bundle.unit-test";
		};
		08CDFCB728CDFB5100E2C237 /* SpotifyCloneUITests */ = {
			isa = PBXNativeTarget;
			buildConfigurationList = 08CDFCC828CDFB5100E2C237 /* Build configuration list for PBXNativeTarget "SpotifyCloneUITests" */;
			buildPhases = (
				08CDFCB428CDFB5100E2C237 /* Sources */,
				08CDFCB528CDFB5100E2C237 /* Frameworks */,
				08CDFCB628CDFB5100E2C237 /* Resources */,
			);
			buildRules = (
			);
			dependencies = (
				08CDFCBA28CDFB5100E2C237 /* PBXTargetDependency */,
			);
			name = SpotifyCloneUITests;
			productName = SpotifyCloneUITests;
			productReference = 08CDFCB828CDFB5100E2C237 /* SpotifyCloneUITests.xctest */;
			productType = "com.apple.product-type.bundle.ui-testing";
		};
/* End PBXNativeTarget section */

/* Begin PBXProject section */
		08CDFC9028CDFB5000E2C237 /* Project object */ = {
			isa = PBXProject;
			attributes = {
				BuildIndependentTargetsInParallel = 1;
				LastSwiftUpdateCheck = 1330;
				LastUpgradeCheck = 1330;
				TargetAttributes = {
					08CDFC9728CDFB5000E2C237 = {
						CreatedOnToolsVersion = 13.3;
					};
					08CDFCAD28CDFB5100E2C237 = {
						CreatedOnToolsVersion = 13.3;
						TestTargetID = 08CDFC9728CDFB5000E2C237;
					};
					08CDFCB728CDFB5100E2C237 = {
						CreatedOnToolsVersion = 13.3;
						TestTargetID = 08CDFC9728CDFB5000E2C237;
					};
				};
			};
			buildConfigurationList = 08CDFC9328CDFB5000E2C237 /* Build configuration list for PBXProject "SpotifyClone" */;
			compatibilityVersion = "Xcode 13.0";
			developmentRegion = en;
			hasScannedForEncodings = 0;
			knownRegions = (
				en,
				Base,
			);
			mainGroup = 08CDFC8F28CDFB5000E2C237;
			productRefGroup = 08CDFC9928CDFB5000E2C237 /* Products */;
			projectDirPath = "";
			projectRoot = "";
			targets = (
				08CDFC9728CDFB5000E2C237 /* SpotifyClone */,
				08CDFCAD28CDFB5100E2C237 /* SpotifyCloneTests */,
				08CDFCB728CDFB5100E2C237 /* SpotifyCloneUITests */,
			);
		};
/* End PBXProject section */

/* Begin PBXResourcesBuildPhase section */
		08CDFC9628CDFB5000E2C237 /* Resources */ = {
			isa = PBXResourcesBuildPhase;
			buildActionMask = 2147483647;
			files = (
				08CDFCA828CDFB5100E2C237 /* LaunchScreen.storyboard in Resources */,
				08CDFCA528CDFB5100E2C237 /* Assets.xcassets in Resources */,
			);
			runOnlyForDeploymentPostprocessing = 0;
		};
		08CDFCAC28CDFB5100E2C237 /* Resources */ = {
			isa = PBXResourcesBuildPhase;
			buildActionMask = 2147483647;
			files = (
			);
			runOnlyForDeploymentPostprocessing = 0;
		};
		08CDFCB628CDFB5100E2C237 /* Resources */ = {
			isa = PBXResourcesBuildPhase;
			buildActionMask = 2147483647;
			files = (
			);
			runOnlyForDeploymentPostprocessing = 0;
		};
/* End PBXResourcesBuildPhase section */

/* Begin PBXSourcesBuildPhase section */
		08CDFC9428CDFB5000E2C237 /* Sources */ = {
			isa = PBXSourcesBuildPhase;
			buildActionMask = 2147483647;
			files = (
				088DDE6E28CDFE3E0079DD34 /* SearchViewController.swift in Sources */,
				088DDE8928CDFFD40079DD34 /* Playlist.swift in Sources */,
				088DDE8328CDFF6C0079DD34 /* AuthManager.swift in Sources */,
				088DDE8128CDFF490079DD34 /* SearchResultsViewController.swift in Sources */,
				088DDE7628CDFECC0079DD34 /* WelcomeViewController.swift in Sources */,
				088DDE7B28CDFF100079DD34 /* ProfileViewController.swift in Sources */,
				088DDE6C28CDFE0C0079DD34 /* TabBarViewController.swift in Sources */,
				088DDE8728CDFFB90079DD34 /* HapticsManager.swift in Sources */,
				088DDE8B28CDFFDF0079DD34 /* AudioTrack.swift in Sources */,
				08FBD8C728CE0FF7009C6E4F /* UIView+.swift in Sources */,
				08CDFCA028CDFB5000E2C237 /* HomeViewController.swift in Sources */,
				088DDE8528CDFF7D0079DD34 /* ApiManager.swift in Sources */,
				088DDE7428CDFEA70079DD34 /* AuthViewController.swift in Sources */,
				088DDE8F28CDFFF40079DD34 /* UserProfile.swift in Sources */,
				08CDFC9C28CDFB5000E2C237 /* AppDelegate.swift in Sources */,
				088DDE8D28CDFFEB0079DD34 /* Artist.swift in Sources */,
				088DDE7028CDFE590079DD34 /* LibraryViewController.swift in Sources */,
				088DDE7F28CDFF290079DD34 /* PlaylistViewController.swift in Sources */,
				08CDFC9E28CDFB5000E2C237 /* SceneDelegate.swift in Sources */,
				088DDE7D28CDFF1B0079DD34 /* PlayerViewController.swift in Sources */,
				088DDE7928CDFEFB0079DD34 /* SettingsViewController.swift in Sources */,
			);
			runOnlyForDeploymentPostprocessing = 0;
		};
		08CDFCAA28CDFB5100E2C237 /* Sources */ = {
			isa = PBXSourcesBuildPhase;
			buildActionMask = 2147483647;
			files = (
				08CDFCB328CDFB5100E2C237 /* SpotifyCloneTests.swift in Sources */,
			);
			runOnlyForDeploymentPostprocessing = 0;
		};
		08CDFCB428CDFB5100E2C237 /* Sources */ = {
			isa = PBXSourcesBuildPhase;
			buildActionMask = 2147483647;
			files = (
				08CDFCBD28CDFB5100E2C237 /* SpotifyCloneUITests.swift in Sources */,
				08CDFCBF28CDFB5100E2C237 /* SpotifyCloneUITestsLaunchTests.swift in Sources */,
			);
			runOnlyForDeploymentPostprocessing = 0;
		};
/* End PBXSourcesBuildPhase section */

/* Begin PBXTargetDependency section */
		08CDFCB028CDFB5100E2C237 /* PBXTargetDependency */ = {
			isa = PBXTargetDependency;
			target = 08CDFC9728CDFB5000E2C237 /* SpotifyClone */;
			targetProxy = 08CDFCAF28CDFB5100E2C237 /* PBXContainerItemProxy */;
		};
		08CDFCBA28CDFB5100E2C237 /* PBXTargetDependency */ = {
			isa = PBXTargetDependency;
			target = 08CDFC9728CDFB5000E2C237 /* SpotifyClone */;
			targetProxy = 08CDFCB928CDFB5100E2C237 /* PBXContainerItemProxy */;
		};
/* End PBXTargetDependency section */

/* Begin PBXVariantGroup section */
		08CDFCA628CDFB5100E2C237 /* LaunchScreen.storyboard */ = {
			isa = PBXVariantGroup;
			children = (
				08CDFCA728CDFB5100E2C237 /* Base */,
			);
			name = LaunchScreen.storyboard;
			sourceTree = "<group>";
		};
/* End PBXVariantGroup section */

/* Begin XCBuildConfiguration section */
		08CDFCC028CDFB5100E2C237 /* Debug */ = {
			isa = XCBuildConfiguration;
			buildSettings = {
				ALWAYS_SEARCH_USER_PATHS = NO;
				CLANG_ANALYZER_NONNULL = YES;
				CLANG_ANALYZER_NUMBER_OBJECT_CONVERSION = YES_AGGRESSIVE;
				CLANG_CXX_LANGUAGE_STANDARD = "gnu++17";
				CLANG_ENABLE_MODULES = YES;
				CLANG_ENABLE_OBJC_ARC = YES;
				CLANG_ENABLE_OBJC_WEAK = YES;
				CLANG_WARN_BLOCK_CAPTURE_AUTORELEASING = YES;
				CLANG_WARN_BOOL_CONVERSION = YES;
				CLANG_WARN_COMMA = YES;
				CLANG_WARN_CONSTANT_CONVERSION = YES;
				CLANG_WARN_DEPRECATED_OBJC_IMPLEMENTATIONS = YES;
				CLANG_WARN_DIRECT_OBJC_ISA_USAGE = YES_ERROR;
				CLANG_WARN_DOCUMENTATION_COMMENTS = YES;
				CLANG_WARN_EMPTY_BODY = YES;
				CLANG_WARN_ENUM_CONVERSION = YES;
				CLANG_WARN_INFINITE_RECURSION = YES;
				CLANG_WARN_INT_CONVERSION = YES;
				CLANG_WARN_NON_LITERAL_NULL_CONVERSION = YES;
				CLANG_WARN_OBJC_IMPLICIT_RETAIN_SELF = YES;
				CLANG_WARN_OBJC_LITERAL_CONVERSION = YES;
				CLANG_WARN_OBJC_ROOT_CLASS = YES_ERROR;
				CLANG_WARN_QUOTED_INCLUDE_IN_FRAMEWORK_HEADER = YES;
				CLANG_WARN_RANGE_LOOP_ANALYSIS = YES;
				CLANG_WARN_STRICT_PROTOTYPES = YES;
				CLANG_WARN_SUSPICIOUS_MOVE = YES;
				CLANG_WARN_UNGUARDED_AVAILABILITY = YES_AGGRESSIVE;
				CLANG_WARN_UNREACHABLE_CODE = YES;
				CLANG_WARN__DUPLICATE_METHOD_MATCH = YES;
				COPY_PHASE_STRIP = NO;
				DEBUG_INFORMATION_FORMAT = dwarf;
				ENABLE_STRICT_OBJC_MSGSEND = YES;
				ENABLE_TESTABILITY = YES;
				GCC_C_LANGUAGE_STANDARD = gnu11;
				GCC_DYNAMIC_NO_PIC = NO;
				GCC_NO_COMMON_BLOCKS = YES;
				GCC_OPTIMIZATION_LEVEL = 0;
				GCC_PREPROCESSOR_DEFINITIONS = (
					"DEBUG=1",
					"$(inherited)",
				);
				GCC_WARN_64_TO_32_BIT_CONVERSION = YES;
				GCC_WARN_ABOUT_RETURN_TYPE = YES_ERROR;
				GCC_WARN_UNDECLARED_SELECTOR = YES;
				GCC_WARN_UNINITIALIZED_AUTOS = YES_AGGRESSIVE;
				GCC_WARN_UNUSED_FUNCTION = YES;
				GCC_WARN_UNUSED_VARIABLE = YES;
				IPHONEOS_DEPLOYMENT_TARGET = 15.4;
				MTL_ENABLE_DEBUG_INFO = INCLUDE_SOURCE;
				MTL_FAST_MATH = YES;
				ONLY_ACTIVE_ARCH = YES;
				SDKROOT = iphoneos;
				SWIFT_ACTIVE_COMPILATION_CONDITIONS = DEBUG;
				SWIFT_OPTIMIZATION_LEVEL = "-Onone";
			};
			name = Debug;
		};
		08CDFCC128CDFB5100E2C237 /* Release */ = {
			isa = XCBuildConfiguration;
			buildSettings = {
				ALWAYS_SEARCH_USER_PATHS = NO;
				CLANG_ANALYZER_NONNULL = YES;
				CLANG_ANALYZER_NUMBER_OBJECT_CONVERSION = YES_AGGRESSIVE;
				CLANG_CXX_LANGUAGE_STANDARD = "gnu++17";
				CLANG_ENABLE_MODULES = YES;
				CLANG_ENABLE_OBJC_ARC = YES;
				CLANG_ENABLE_OBJC_WEAK = YES;
				CLANG_WARN_BLOCK_CAPTURE_AUTORELEASING = YES;
				CLANG_WARN_BOOL_CONVERSION = YES;
				CLANG_WARN_COMMA = YES;
				CLANG_WARN_CONSTANT_CONVERSION = YES;
				CLANG_WARN_DEPRECATED_OBJC_IMPLEMENTATIONS = YES;
				CLANG_WARN_DIRECT_OBJC_ISA_USAGE = YES_ERROR;
				CLANG_WARN_DOCUMENTATION_COMMENTS = YES;
				CLANG_WARN_EMPTY_BODY = YES;
				CLANG_WARN_ENUM_CONVERSION = YES;
				CLANG_WARN_INFINITE_RECURSION = YES;
				CLANG_WARN_INT_CONVERSION = YES;
				CLANG_WARN_NON_LITERAL_NULL_CONVERSION = YES;
				CLANG_WARN_OBJC_IMPLICIT_RETAIN_SELF = YES;
				CLANG_WARN_OBJC_LITERAL_CONVERSION = YES;
				CLANG_WARN_OBJC_ROOT_CLASS = YES_ERROR;
				CLANG_WARN_QUOTED_INCLUDE_IN_FRAMEWORK_HEADER = YES;
				CLANG_WARN_RANGE_LOOP_ANALYSIS = YES;
				CLANG_WARN_STRICT_PROTOTYPES = YES;
				CLANG_WARN_SUSPICIOUS_MOVE = YES;
				CLANG_WARN_UNGUARDED_AVAILABILITY = YES_AGGRESSIVE;
				CLANG_WARN_UNREACHABLE_CODE = YES;
				CLANG_WARN__DUPLICATE_METHOD_MATCH = YES;
				COPY_PHASE_STRIP = NO;
				DEBUG_INFORMATION_FORMAT = "dwarf-with-dsym";
				ENABLE_NS_ASSERTIONS = NO;
				ENABLE_STRICT_OBJC_MSGSEND = YES;
				GCC_C_LANGUAGE_STANDARD = gnu11;
				GCC_NO_COMMON_BLOCKS = YES;
				GCC_WARN_64_TO_32_BIT_CONVERSION = YES;
				GCC_WARN_ABOUT_RETURN_TYPE = YES_ERROR;
				GCC_WARN_UNDECLARED_SELECTOR = YES;
				GCC_WARN_UNINITIALIZED_AUTOS = YES_AGGRESSIVE;
				GCC_WARN_UNUSED_FUNCTION = YES;
				GCC_WARN_UNUSED_VARIABLE = YES;
				IPHONEOS_DEPLOYMENT_TARGET = 15.4;
				MTL_ENABLE_DEBUG_INFO = NO;
				MTL_FAST_MATH = YES;
				SDKROOT = iphoneos;
				SWIFT_COMPILATION_MODE = wholemodule;
				SWIFT_OPTIMIZATION_LEVEL = "-O";
				VALIDATE_PRODUCT = YES;
			};
			name = Release;
		};
		08CDFCC328CDFB5100E2C237 /* Debug */ = {
			isa = XCBuildConfiguration;
			buildSettings = {
				ASSETCATALOG_COMPILER_APPICON_NAME = AppIcon;
				ASSETCATALOG_COMPILER_GLOBAL_ACCENT_COLOR_NAME = AccentColor;
				CODE_SIGN_STYLE = Automatic;
				CURRENT_PROJECT_VERSION = 1;
				DEVELOPMENT_TEAM = CFVDGKJNN6;
				GENERATE_INFOPLIST_FILE = YES;
				INFOPLIST_FILE = SpotifyClone/Info.plist;
				INFOPLIST_KEY_UIApplicationSupportsIndirectInputEvents = YES;
				INFOPLIST_KEY_UILaunchStoryboardName = LaunchScreen;
				INFOPLIST_KEY_UISupportedInterfaceOrientations_iPad = "UIInterfaceOrientationPortrait UIInterfaceOrientationPortraitUpsideDown UIInterfaceOrientationLandscapeLeft UIInterfaceOrientationLandscapeRight";
				INFOPLIST_KEY_UISupportedInterfaceOrientations_iPhone = "UIInterfaceOrientationPortrait UIInterfaceOrientationLandscapeLeft UIInterfaceOrientationLandscapeRight";
				LD_RUNPATH_SEARCH_PATHS = (
					"$(inherited)",
					"@executable_path/Frameworks",
				);
				MARKETING_VERSION = 1.0;
				PRODUCT_BUNDLE_IDENTIFIER = com.mustafacicek.SpotifyClone;
				PRODUCT_NAME = "$(TARGET_NAME)";
				SWIFT_EMIT_LOC_STRINGS = YES;
				SWIFT_VERSION = 5.0;
				TARGETED_DEVICE_FAMILY = "1,2";
			};
			name = Debug;
		};
		08CDFCC428CDFB5100E2C237 /* Release */ = {
			isa = XCBuildConfiguration;
			buildSettings = {
				ASSETCATALOG_COMPILER_APPICON_NAME = AppIcon;
				ASSETCATALOG_COMPILER_GLOBAL_ACCENT_COLOR_NAME = AccentColor;
				CODE_SIGN_STYLE = Automatic;
				CURRENT_PROJECT_VERSION = 1;
				DEVELOPMENT_TEAM = CFVDGKJNN6;
				GENERATE_INFOPLIST_FILE = YES;
				INFOPLIST_FILE = SpotifyClone/Info.plist;
				INFOPLIST_KEY_UIApplicationSupportsIndirectInputEvents = YES;
				INFOPLIST_KEY_UILaunchStoryboardName = LaunchScreen;
				INFOPLIST_KEY_UISupportedInterfaceOrientations_iPad = "UIInterfaceOrientationPortrait UIInterfaceOrientationPortraitUpsideDown UIInterfaceOrientationLandscapeLeft UIInterfaceOrientationLandscapeRight";
				INFOPLIST_KEY_UISupportedInterfaceOrientations_iPhone = "UIInterfaceOrientationPortrait UIInterfaceOrientationLandscapeLeft UIInterfaceOrientationLandscapeRight";
				LD_RUNPATH_SEARCH_PATHS = (
					"$(inherited)",
					"@executable_path/Frameworks",
				);
				MARKETING_VERSION = 1.0;
				PRODUCT_BUNDLE_IDENTIFIER = com.mustafacicek.SpotifyClone;
				PRODUCT_NAME = "$(TARGET_NAME)";
				SWIFT_EMIT_LOC_STRINGS = YES;
				SWIFT_VERSION = 5.0;
				TARGETED_DEVICE_FAMILY = "1,2";
			};
			name = Release;
		};
		08CDFCC628CDFB5100E2C237 /* Debug */ = {
			isa = XCBuildConfiguration;
			buildSettings = {
				ALWAYS_EMBED_SWIFT_STANDARD_LIBRARIES = YES;
				BUNDLE_LOADER = "$(TEST_HOST)";
				CODE_SIGN_STYLE = Automatic;
				CURRENT_PROJECT_VERSION = 1;
				DEVELOPMENT_TEAM = CFVDGKJNN6;
				GENERATE_INFOPLIST_FILE = YES;
				IPHONEOS_DEPLOYMENT_TARGET = 15.4;
				MARKETING_VERSION = 1.0;
				PRODUCT_BUNDLE_IDENTIFIER = com.mustafacicek.SpotifyCloneTests;
				PRODUCT_NAME = "$(TARGET_NAME)";
				SWIFT_EMIT_LOC_STRINGS = NO;
				SWIFT_VERSION = 5.0;
				TARGETED_DEVICE_FAMILY = "1,2";
				TEST_HOST = "$(BUILT_PRODUCTS_DIR)/SpotifyClone.app/SpotifyClone";
			};
			name = Debug;
		};
		08CDFCC728CDFB5100E2C237 /* Release */ = {
			isa = XCBuildConfiguration;
			buildSettings = {
				ALWAYS_EMBED_SWIFT_STANDARD_LIBRARIES = YES;
				BUNDLE_LOADER = "$(TEST_HOST)";
				CODE_SIGN_STYLE = Automatic;
				CURRENT_PROJECT_VERSION = 1;
				DEVELOPMENT_TEAM = CFVDGKJNN6;
				GENERATE_INFOPLIST_FILE = YES;
				IPHONEOS_DEPLOYMENT_TARGET = 15.4;
				MARKETING_VERSION = 1.0;
				PRODUCT_BUNDLE_IDENTIFIER = com.mustafacicek.SpotifyCloneTests;
				PRODUCT_NAME = "$(TARGET_NAME)";
				SWIFT_EMIT_LOC_STRINGS = NO;
				SWIFT_VERSION = 5.0;
				TARGETED_DEVICE_FAMILY = "1,2";
				TEST_HOST = "$(BUILT_PRODUCTS_DIR)/SpotifyClone.app/SpotifyClone";
			};
			name = Release;
		};
		08CDFCC928CDFB5100E2C237 /* Debug */ = {
			isa = XCBuildConfiguration;
			buildSettings = {
				ALWAYS_EMBED_SWIFT_STANDARD_LIBRARIES = YES;
				CODE_SIGN_STYLE = Automatic;
				CURRENT_PROJECT_VERSION = 1;
				DEVELOPMENT_TEAM = CFVDGKJNN6;
				GENERATE_INFOPLIST_FILE = YES;
				MARKETING_VERSION = 1.0;
				PRODUCT_BUNDLE_IDENTIFIER = com.mustafacicek.SpotifyCloneUITests;
				PRODUCT_NAME = "$(TARGET_NAME)";
				SWIFT_EMIT_LOC_STRINGS = NO;
				SWIFT_VERSION = 5.0;
				TARGETED_DEVICE_FAMILY = "1,2";
				TEST_TARGET_NAME = SpotifyClone;
			};
			name = Debug;
		};
		08CDFCCA28CDFB5100E2C237 /* Release */ = {
			isa = XCBuildConfiguration;
			buildSettings = {
				ALWAYS_EMBED_SWIFT_STANDARD_LIBRARIES = YES;
				CODE_SIGN_STYLE = Automatic;
				CURRENT_PROJECT_VERSION = 1;
				DEVELOPMENT_TEAM = CFVDGKJNN6;
				GENERATE_INFOPLIST_FILE = YES;
				MARKETING_VERSION = 1.0;
				PRODUCT_BUNDLE_IDENTIFIER = com.mustafacicek.SpotifyCloneUITests;
				PRODUCT_NAME = "$(TARGET_NAME)";
				SWIFT_EMIT_LOC_STRINGS = NO;
				SWIFT_VERSION = 5.0;
				TARGETED_DEVICE_FAMILY = "1,2";
				TEST_TARGET_NAME = SpotifyClone;
			};
			name = Release;
		};
/* End XCBuildConfiguration section */

/* Begin XCConfigurationList section */
		08CDFC9328CDFB5000E2C237 /* Build configuration list for PBXProject "SpotifyClone" */ = {
			isa = XCConfigurationList;
			buildConfigurations = (
				08CDFCC028CDFB5100E2C237 /* Debug */,
				08CDFCC128CDFB5100E2C237 /* Release */,
			);
			defaultConfigurationIsVisible = 0;
			defaultConfigurationName = Release;
		};
		08CDFCC228CDFB5100E2C237 /* Build configuration list for PBXNativeTarget "SpotifyClone" */ = {
			isa = XCConfigurationList;
			buildConfigurations = (
				08CDFCC328CDFB5100E2C237 /* Debug */,
				08CDFCC428CDFB5100E2C237 /* Release */,
			);
			defaultConfigurationIsVisible = 0;
			defaultConfigurationName = Release;
		};
		08CDFCC528CDFB5100E2C237 /* Build configuration list for PBXNativeTarget "SpotifyCloneTests" */ = {
			isa = XCConfigurationList;
			buildConfigurations = (
				08CDFCC628CDFB5100E2C237 /* Debug */,
				08CDFCC728CDFB5100E2C237 /* Release */,
			);
			defaultConfigurationIsVisible = 0;
			defaultConfigurationName = Release;
		};
		08CDFCC828CDFB5100E2C237 /* Build configuration list for PBXNativeTarget "SpotifyCloneUITests" */ = {
			isa = XCConfigurationList;
			buildConfigurations = (
				08CDFCC928CDFB5100E2C237 /* Debug */,
				08CDFCCA28CDFB5100E2C237 /* Release */,
			);
			defaultConfigurationIsVisible = 0;
			defaultConfigurationName = Release;
		};
/* End XCConfigurationList section */
	};
	rootObject = 08CDFC9028CDFB5000E2C237 /* Project object */;
}
